
Microsoft Visual Studio Solution File, Format Version 12.00
# Visual Studio Version 17
VisualStudioVersion = 17.9.34607.119
MinimumVisualStudioVersion = 10.0.40219.1
Project("{9A19103F-16F7-4668-BE54-9A1E7A4F7556}") = "DocGenerator.Client", "DocGenerator.Client\DocGenerator.Client.csproj", "{A0EC1158-7089-4EDD-92C4-6EB0EC052F7F}"
EndProject
Project("{9A19103F-16F7-4668-BE54-9A1E7A4F7556}") = "DocGenerator.Client.Data", "DocGenerator.Client.Data\DocGenerator.Client.Data.csproj", "{C1DC9EEE-AC75-4BA7-8541-6CECBFEA8B76}"
EndProject
Project("{9A19103F-16F7-4668-BE54-9A1E7A4F7556}") = "DocGenerator.Games", "DocGenerator.Games\DocGenerator.Games.csproj", "{FED67B5B-677F-4953-9FDA-A83F7874DC86}"
EndProject
Project("{9A19103F-16F7-4668-BE54-9A1E7A4F7556}") = "DocGenerator.Games.Data", "DocGenerator.Games.Data\DocGenerator.Games.Data.csproj", "{DD2B9A21-17FE-4691-B5F7-595131A05292}"
EndProject
Project("{9A19103F-16F7-4668-BE54-9A1E7A4F7556}") = "DocGenerator", "DocGenerator.WebUI\DocGenerator.csproj", "{88813D86-5D5E-461D-BB34-FA9A46E68384}"
EndProject
Global
	GlobalSection(SolutionConfigurationPlatforms) = preSolution
		Debug|Any CPU = Debug|Any CPU
		Release|Any CPU = Release|Any CPU
	EndGlobalSection
	GlobalSection(ProjectConfigurationPlatforms) = postSolution
		{A0EC1158-7089-4EDD-92C4-6EB0EC052F7F}.Debug|Any CPU.ActiveCfg = Debug|Any CPU
		{A0EC1158-7089-4EDD-92C4-6EB0EC052F7F}.Debug|Any CPU.Build.0 = Debug|Any CPU
		{A0EC1158-7089-4EDD-92C4-6EB0EC052F7F}.Release|Any CPU.ActiveCfg = Release|Any CPU
		{A0EC1158-7089-4EDD-92C4-6EB0EC052F7F}.Release|Any CPU.Build.0 = Release|Any CPU
		{C1DC9EEE-AC75-4BA7-8541-6CECBFEA8B76}.Debug|Any CPU.ActiveCfg = Debug|Any CPU
		{C1DC9EEE-AC75-4BA7-8541-6CECBFEA8B76}.Debug|Any CPU.Build.0 = Debug|Any CPU
		{C1DC9EEE-AC75-4BA7-8541-6CECBFEA8B76}.Release|Any CPU.ActiveCfg = Release|Any CPU
		{C1DC9EEE-AC75-4BA7-8541-6CECBFEA8B76}.Release|Any CPU.Build.0 = Release|Any CPU
		{FED67B5B-677F-4953-9FDA-A83F7874DC86}.Debug|Any CPU.ActiveCfg = Debug|Any CPU
		{FED67B5B-677F-4953-9FDA-A83F7874DC86}.Debug|Any CPU.Build.0 = Debug|Any CPU
		{FED67B5B-677F-4953-9FDA-A83F7874DC86}.Release|Any CPU.ActiveCfg = Release|Any CPU
		{FED67B5B-677F-4953-9FDA-A83F7874DC86}.Release|Any CPU.Build.0 = Release|Any CPU
		{DD2B9A21-17FE-4691-B5F7-595131A05292}.Debug|Any CPU.ActiveCfg = Debug|Any CPU
		{DD2B9A21-17FE-4691-B5F7-595131A05292}.Debug|Any CPU.Build.0 = Debug|Any CPU
		{DD2B9A21-17FE-4691-B5F7-595131A05292}.Release|Any CPU.ActiveCfg = Release|Any CPU
		{DD2B9A21-17FE-4691-B5F7-595131A05292}.Release|Any CPU.Build.0 = Release|Any CPU
		{88813D86-5D5E-461D-BB34-FA9A46E68384}.Debug|Any CPU.ActiveCfg = Debug|Any CPU
		{88813D86-5D5E-461D-BB34-FA9A46E68384}.Debug|Any CPU.Build.0 = Debug|Any CPU
		{88813D86-5D5E-461D-BB34-FA9A46E68384}.Release|Any CPU.ActiveCfg = Release|Any CPU
		{88813D86-5D5E-461D-BB34-FA9A46E68384}.Release|Any CPU.Build.0 = Release|Any CPU
	EndGlobalSection
	GlobalSection(SolutionProperties) = preSolution
		HideSolutionNode = FALSE
	EndGlobalSection
	GlobalSection(ExtensibilityGlobals) = postSolution
		SolutionGuid = {280745BB-F181-4C31-A161-81D5595FE951}
	EndGlobalSection
EndGlobal
